
Microsoft Visual Studio Solution File, Format Version 12.00
# Visual Studio Version 16
VisualStudioVersion = 16.0.29424.173
MinimumVisualStudioVersion = 10.0.40219.1
Project("{FAE04EC0-301F-11D3-BF4B-00C04F79EFBC}") = "BattleDev.March18", "BattleDev.March18\BattleDev.March18.csproj", "{12231991-840E-41DD-A9BA-100CA7EAB398}"
EndProject
Project("{FAE04EC0-301F-11D3-BF4B-00C04F79EFBC}") = "BattleDev.March18.Tests", "BattleDev.March18.Tests\BattleDev.March18.Tests.csproj", "{E422CF8E-EBEE-414F-B5EF-C12EC74370B1}"
EndProject
Project("{FAE04EC0-301F-11D3-BF4B-00C04F79EFBC}") = "BattleDev.Nov18.Tests", "BattleDev.Nov18.Tests\BattleDev.Nov18.Tests.csproj", "{5A7B9FE9-051C-46DF-B5BB-3D319B7BBA90}"
EndProject
Project("{FAE04EC0-301F-11D3-BF4B-00C04F79EFBC}") = "BattleDev.Nov18", "BattleDev.Nov18\BattleDev.Nov18.csproj", "{AE875EA7-7E8C-4708-BCA4-153EEFC7F1E4}"
EndProject
Project("{FAE04EC0-301F-11D3-BF4B-00C04F79EFBC}") = "BattleDev.19.03", "BattleDev.19.03\BattleDev.19.03.csproj", "{D6E3B297-F8F0-41FE-AB17-D609BF82B7C9}"
EndProject
Project("{FAE04EC0-301F-11D3-BF4B-00C04F79EFBC}") = "BattleDev.19.03.Tests", "BattleDev.19.03.Tests\BattleDev.19.03.Tests.csproj", "{853EF842-F63D-43F9-97B4-6FB285339EF9}"
EndProject
Project("{9A19103F-16F7-4668-BE54-9A1E7A4F7556}") = "BattleDev.19.11", "BattleDev.19.11\BattleDev.19.11.csproj", "{5595319C-6B3A-4247-B475-90A6351D6425}"
EndProject
Project("{9A19103F-16F7-4668-BE54-9A1E7A4F7556}") = "BattleDev.19.11.Tests", "BattleDev.19.11.Tests\BattleDev.19.11.Tests.csproj", "{A70D2A7A-A88C-4D86-8E54-91C6CC8B88EA}"
EndProject
Project("{FAE04EC0-301F-11D3-BF4B-00C04F79EFBC}") = "BattleDev.20.03", "BattleDev.20.03\BattleDev.20.03.csproj", "{D9DE5F62-CF0D-4A48-B688-361E3DA084A6}"
EndProject
Project("{FAE04EC0-301F-11D3-BF4B-00C04F79EFBC}") = "BattleDev.20.03.Tests", "BattleDev.20.03.Tests\BattleDev.20.03.Tests.csproj", "{63A7E1B8-6B9D-4636-98AF-18DEBCC57FAA}"
EndProject
Project("{FAE04EC0-301F-11D3-BF4B-00C04F79EFBC}") = "BattleDev.20.11", "BattleDev.20.11\BattleDev.20.11.csproj", "{0AD040C6-7556-4749-8149-2CC77DBAB5B2}"
EndProject
Project("{FAE04EC0-301F-11D3-BF4B-00C04F79EFBC}") = "BattleDev.20.11.Tests", "BattleDev.20.11.Tests\BattleDev.20.11.Tests.csproj", "{3C35AAAF-2638-417A-90BE-78729824BD66}"
EndProject
Project("{FAE04EC0-301F-11D3-BF4B-00C04F79EFBC}") = "BattleDev-2021-06", "BattleDev-2021-06\BattleDev-2021-06.csproj", "{6FC5C714-6A3D-4074-B961-FE1CCAFA0FDE}"
EndProject
Project("{FAE04EC0-301F-11D3-BF4B-00C04F79EFBC}") = "BattleDev-2021-06.Tests", "BattleDev-2021-06.Tests\BattleDev-2021-06.Tests.csproj", "{C676A411-57D3-4E8B-B3E9-7876C396CC83}"
EndProject
Global
	GlobalSection(SolutionConfigurationPlatforms) = preSolution
		Debug|Any CPU = Debug|Any CPU
		Release|Any CPU = Release|Any CPU
	EndGlobalSection
	GlobalSection(ProjectConfigurationPlatforms) = postSolution
		{12231991-840E-41DD-A9BA-100CA7EAB398}.Debug|Any CPU.ActiveCfg = Debug|Any CPU
		{12231991-840E-41DD-A9BA-100CA7EAB398}.Debug|Any CPU.Build.0 = Debug|Any CPU
		{12231991-840E-41DD-A9BA-100CA7EAB398}.Release|Any CPU.ActiveCfg = Release|Any CPU
		{12231991-840E-41DD-A9BA-100CA7EAB398}.Release|Any CPU.Build.0 = Release|Any CPU
		{E422CF8E-EBEE-414F-B5EF-C12EC74370B1}.Debug|Any CPU.ActiveCfg = Debug|Any CPU
		{E422CF8E-EBEE-414F-B5EF-C12EC74370B1}.Debug|Any CPU.Build.0 = Debug|Any CPU
		{E422CF8E-EBEE-414F-B5EF-C12EC74370B1}.Release|Any CPU.ActiveCfg = Release|Any CPU
		{E422CF8E-EBEE-414F-B5EF-C12EC74370B1}.Release|Any CPU.Build.0 = Release|Any CPU
		{5A7B9FE9-051C-46DF-B5BB-3D319B7BBA90}.Debug|Any CPU.ActiveCfg = Debug|Any CPU
		{5A7B9FE9-051C-46DF-B5BB-3D319B7BBA90}.Debug|Any CPU.Build.0 = Debug|Any CPU
		{5A7B9FE9-051C-46DF-B5BB-3D319B7BBA90}.Release|Any CPU.ActiveCfg = Release|Any CPU
		{5A7B9FE9-051C-46DF-B5BB-3D319B7BBA90}.Release|Any CPU.Build.0 = Release|Any CPU
		{AE875EA7-7E8C-4708-BCA4-153EEFC7F1E4}.Debug|Any CPU.ActiveCfg = Debug|Any CPU
		{AE875EA7-7E8C-4708-BCA4-153EEFC7F1E4}.Debug|Any CPU.Build.0 = Debug|Any CPU
		{AE875EA7-7E8C-4708-BCA4-153EEFC7F1E4}.Release|Any CPU.ActiveCfg = Release|Any CPU
		{AE875EA7-7E8C-4708-BCA4-153EEFC7F1E4}.Release|Any CPU.Build.0 = Release|Any CPU
		{D6E3B297-F8F0-41FE-AB17-D609BF82B7C9}.Debug|Any CPU.ActiveCfg = Debug|Any CPU
		{D6E3B297-F8F0-41FE-AB17-D609BF82B7C9}.Debug|Any CPU.Build.0 = Debug|Any CPU
		{D6E3B297-F8F0-41FE-AB17-D609BF82B7C9}.Release|Any CPU.ActiveCfg = Release|Any CPU
		{D6E3B297-F8F0-41FE-AB17-D609BF82B7C9}.Release|Any CPU.Build.0 = Release|Any CPU
		{853EF842-F63D-43F9-97B4-6FB285339EF9}.Debug|Any CPU.ActiveCfg = Debug|Any CPU
		{853EF842-F63D-43F9-97B4-6FB285339EF9}.Debug|Any CPU.Build.0 = Debug|Any CPU
		{853EF842-F63D-43F9-97B4-6FB285339EF9}.Release|Any CPU.ActiveCfg = Release|Any CPU
		{853EF842-F63D-43F9-97B4-6FB285339EF9}.Release|Any CPU.Build.0 = Release|Any CPU
		{5595319C-6B3A-4247-B475-90A6351D6425}.Debug|Any CPU.ActiveCfg = Debug|Any CPU
		{5595319C-6B3A-4247-B475-90A6351D6425}.Debug|Any CPU.Build.0 = Debug|Any CPU
		{5595319C-6B3A-4247-B475-90A6351D6425}.Release|Any CPU.ActiveCfg = Release|Any CPU
		{5595319C-6B3A-4247-B475-90A6351D6425}.Release|Any CPU.Build.0 = Release|Any CPU
		{A70D2A7A-A88C-4D86-8E54-91C6CC8B88EA}.Debug|Any CPU.ActiveCfg = Debug|Any CPU
		{A70D2A7A-A88C-4D86-8E54-91C6CC8B88EA}.Debug|Any CPU.Build.0 = Debug|Any CPU
		{A70D2A7A-A88C-4D86-8E54-91C6CC8B88EA}.Release|Any CPU.ActiveCfg = Release|Any CPU
		{A70D2A7A-A88C-4D86-8E54-91C6CC8B88EA}.Release|Any CPU.Build.0 = Release|Any CPU
		{D9DE5F62-CF0D-4A48-B688-361E3DA084A6}.Debug|Any CPU.ActiveCfg = Debug|Any CPU
		{D9DE5F62-CF0D-4A48-B688-361E3DA084A6}.Debug|Any CPU.Build.0 = Debug|Any CPU
		{D9DE5F62-CF0D-4A48-B688-361E3DA084A6}.Release|Any CPU.ActiveCfg = Release|Any CPU
		{D9DE5F62-CF0D-4A48-B688-361E3DA084A6}.Release|Any CPU.Build.0 = Release|Any CPU
		{63A7E1B8-6B9D-4636-98AF-18DEBCC57FAA}.Debug|Any CPU.ActiveCfg = Debug|Any CPU
		{63A7E1B8-6B9D-4636-98AF-18DEBCC57FAA}.Debug|Any CPU.Build.0 = Debug|Any CPU
		{63A7E1B8-6B9D-4636-98AF-18DEBCC57FAA}.Release|Any CPU.ActiveCfg = Release|Any CPU
		{63A7E1B8-6B9D-4636-98AF-18DEBCC57FAA}.Release|Any CPU.Build.0 = Release|Any CPU
		{0AD040C6-7556-4749-8149-2CC77DBAB5B2}.Debug|Any CPU.ActiveCfg = Debug|Any CPU
		{0AD040C6-7556-4749-8149-2CC77DBAB5B2}.Debug|Any CPU.Build.0 = Debug|Any CPU
		{0AD040C6-7556-4749-8149-2CC77DBAB5B2}.Release|Any CPU.ActiveCfg = Release|Any CPU
		{0AD040C6-7556-4749-8149-2CC77DBAB5B2}.Release|Any CPU.Build.0 = Release|Any CPU
		{3C35AAAF-2638-417A-90BE-78729824BD66}.Debug|Any CPU.ActiveCfg = Debug|Any CPU
		{3C35AAAF-2638-417A-90BE-78729824BD66}.Debug|Any CPU.Build.0 = Debug|Any CPU
		{3C35AAAF-2638-417A-90BE-78729824BD66}.Release|Any CPU.ActiveCfg = Release|Any CPU
		{3C35AAAF-2638-417A-90BE-78729824BD66}.Release|Any CPU.Build.0 = Release|Any CPU
		{6FC5C714-6A3D-4074-B961-FE1CCAFA0FDE}.Debug|Any CPU.ActiveCfg = Debug|Any CPU
		{6FC5C714-6A3D-4074-B961-FE1CCAFA0FDE}.Debug|Any CPU.Build.0 = Debug|Any CPU
		{6FC5C714-6A3D-4074-B961-FE1CCAFA0FDE}.Release|Any CPU.ActiveCfg = Release|Any CPU
		{6FC5C714-6A3D-4074-B961-FE1CCAFA0FDE}.Release|Any CPU.Build.0 = Release|Any CPU
		{C676A411-57D3-4E8B-B3E9-7876C396CC83}.Debug|Any CPU.ActiveCfg = Debug|Any CPU
		{C676A411-57D3-4E8B-B3E9-7876C396CC83}.Debug|Any CPU.Build.0 = Debug|Any CPU
		{C676A411-57D3-4E8B-B3E9-7876C396CC83}.Release|Any CPU.ActiveCfg = Release|Any CPU
		{C676A411-57D3-4E8B-B3E9-7876C396CC83}.Release|Any CPU.Build.0 = Release|Any CPU
	EndGlobalSection
	GlobalSection(SolutionProperties) = preSolution
		HideSolutionNode = FALSE
	EndGlobalSection
	GlobalSection(ExtensibilityGlobals) = postSolution
		SolutionGuid = {9E31F0F4-C2FE-49D3-B26B-42E2D8A99003}
	EndGlobalSection
EndGlobal
